PODS:
  - Flutter (1.0.0)
  - mirouter (0.0.1):
    - Flutter

DEPENDENCIES:
  - Flutter (from `Flutter`)
  - mirouter (from `.symlinks/plugins/mirouter/ios`)

EXTERNAL SOURCES:
  Flutter:
    :path: Flutter
  mirouter:
    :path: ".symlinks/plugins/mirouter/ios"

SPEC CHECKSUMS:
  Flutter: 0e3d915762c693b495b44d77113d4970485de6ec
  mirouter: f6e145ca37268cd68ec7735e644e469b6cc6f96a

PODFILE CHECKSUM: 3dbe063e9c90a5d7c9e4e76e70a821b9e2c1d271

COCOAPODS: 1.9.1
